hash: eb2f59ce73a76d79d4f7b1df1a985a1aa012a5f0e117f50dfb044b44cda51d19
updated: 2016-02-03T01:07:17.714261152-08:00
imports:
- name: github.com/bmatsuo/lmdb-go
  version: f15e35ca42ed531d35cce8f7b55a9ec569496557
  subpackages:
  - lmdb
- name: github.com/codegangsta/cli
  version: cf1f63a7274872768d4037305d572b70b1199397
- name: github.com/fatih/color
  version: 9aae6aaa22315390f03959adca2c4d395b02fcef
- name: github.com/mattn/go-colorable
  version: 4af63d73f5bea08b682ad2cd198b1e607afd6be0
- name: github.com/mattn/go-isatty
  version: 56b76bdf51f7708750eac80fa38b952bb9f32639
- name: github.com/yuin/gopher-lua
  version: cbab8d20d579272a56e78ab4395236bb21dcbbbf
  subpackages:
  - ast
  - parse
  - pm
devImports: []
